
Microsoft Visual Studio Solution File, Format Version 12.00
# Visual Studio Version 16
VisualStudioVersion = 16.0.31005.135
MinimumVisualStudioVersion = 10.0.40219.1
Project("{FAE04EC0-301F-11D3-BF4B-00C04F79EFBC}") = "NRT136_21BazaProjekta", "NRT136_21BazaProjekta.csproj", "{477FA51F-14B5-48B6-8BBB-10A86AA1DDDA}"
EndProject
Global
	GlobalSection(SolutionConfigurationPlatforms) = preSolution
		Debug|Any CPU = Debug|Any CPU
		Release|Any CPU = Release|Any CPU
	EndGlobalSection
	GlobalSection(ProjectConfigurationPlatforms) = postSolution
		{477FA51F-14B5-48B6-8BBB-10A86AA1DDDA}.Debug|Any CPU.ActiveCfg = Debug|Any CPU
		{477FA51F-14B5-48B6-8BBB-10A86AA1DDDA}.Debug|Any CPU.Build.0 = Debug|Any CPU
		{477FA51F-14B5-48B6-8BBB-10A86AA1DDDA}.Release|Any CPU.ActiveCfg = Release|Any CPU
		{477FA51F-14B5-48B6-8BBB-10A86AA1DDDA}.Release|Any CPU.Build.0 = Release|Any CPU
	EndGlobalSection
	GlobalSection(SolutionProperties) = preSolution
		HideSolutionNode = FALSE
	EndGlobalSection
	GlobalSection(ExtensibilityGlobals) = postSolution
		SolutionGuid = {EA75F7D4-9EAD-41C6-9E4A-28F198D1ECAC}
	EndGlobalSection
EndGlobal
